
Microsoft Visual Studio Solution File, Format Version 12.00
# Visual Studio Version 17
VisualStudioVersion = 17.7.34031.279
MinimumVisualStudioVersion = 10.0.40219.1
Project("{9A19103F-16F7-4668-BE54-9A1E7A4F7556}") = "KampIntro07012024", "KampIntro\KampIntro07012024.csproj", "{210E1510-ADBD-4B36-B47B-43054E9EF5D9}"
EndProject
Project("{9A19103F-16F7-4668-BE54-9A1E7A4F7556}") = "SartBloklerıVeDonguler08012024", "SartBloklerıveDonguler\SartBloklerıVeDonguler08012024.csproj", "{D881CD7C-D022-408E-8296-04EC5D30656B}"
EndProject
Project("{9A19103F-16F7-4668-BE54-9A1E7A4F7556}") = "ClassIntro09012024", "ClassIntro\ClassIntro09012024.csproj", "{B2F0E8C6-4264-4004-906E-02AC97C5AAB6}"
EndProject
Project("{9A19103F-16F7-4668-BE54-9A1E7A4F7556}") = "Class_homework11012024", "Class_homework11.01.2024\Class_homework11012024.csproj", "{01F65ED8-E810-4CF4-A263-019E24CB4BD3}"
EndProject
Project("{9A19103F-16F7-4668-BE54-9A1E7A4F7556}") = "Methods12012024", "Methods\Methods12012024.csproj", "{8A7593B6-52D2-4B95-A5B0-950BE4C72E5E}"
EndProject
Project("{9A19103F-16F7-4668-BE54-9A1E7A4F7556}") = "Math12012024", "Math12012024\Math12012024.csproj", "{DE6B6D50-6366-4604-B373-52927F24154D}"
EndProject
Project("{FAE04EC0-301F-11D3-BF4B-00C04F79EFBC}") = "MethodsPractice16012024", "MethodsPractice16012024\MethodsPractice16012024.csproj", "{29C7F1BB-8D5B-44F9-ACA7-8B620FB20F5F}"
EndProject
Global
	GlobalSection(SolutionConfigurationPlatforms) = preSolution
		Debug|Any CPU = Debug|Any CPU
		Release|Any CPU = Release|Any CPU
	EndGlobalSection
	GlobalSection(ProjectConfigurationPlatforms) = postSolution
		{210E1510-ADBD-4B36-B47B-43054E9EF5D9}.Debug|Any CPU.ActiveCfg = Debug|Any CPU
		{210E1510-ADBD-4B36-B47B-43054E9EF5D9}.Debug|Any CPU.Build.0 = Debug|Any CPU
		{210E1510-ADBD-4B36-B47B-43054E9EF5D9}.Release|Any CPU.ActiveCfg = Release|Any CPU
		{210E1510-ADBD-4B36-B47B-43054E9EF5D9}.Release|Any CPU.Build.0 = Release|Any CPU
		{D881CD7C-D022-408E-8296-04EC5D30656B}.Debug|Any CPU.ActiveCfg = Debug|Any CPU
		{D881CD7C-D022-408E-8296-04EC5D30656B}.Debug|Any CPU.Build.0 = Debug|Any CPU
		{D881CD7C-D022-408E-8296-04EC5D30656B}.Release|Any CPU.ActiveCfg = Release|Any CPU
		{D881CD7C-D022-408E-8296-04EC5D30656B}.Release|Any CPU.Build.0 = Release|Any CPU
		{B2F0E8C6-4264-4004-906E-02AC97C5AAB6}.Debug|Any CPU.ActiveCfg = Debug|Any CPU
		{B2F0E8C6-4264-4004-906E-02AC97C5AAB6}.Debug|Any CPU.Build.0 = Debug|Any CPU
		{B2F0E8C6-4264-4004-906E-02AC97C5AAB6}.Release|Any CPU.ActiveCfg = Release|Any CPU
		{B2F0E8C6-4264-4004-906E-02AC97C5AAB6}.Release|Any CPU.Build.0 = Release|Any CPU
		{01F65ED8-E810-4CF4-A263-019E24CB4BD3}.Debug|Any CPU.ActiveCfg = Debug|Any CPU
		{01F65ED8-E810-4CF4-A263-019E24CB4BD3}.Debug|Any CPU.Build.0 = Debug|Any CPU
		{01F65ED8-E810-4CF4-A263-019E24CB4BD3}.Release|Any CPU.ActiveCfg = Release|Any CPU
		{01F65ED8-E810-4CF4-A263-019E24CB4BD3}.Release|Any CPU.Build.0 = Release|Any CPU
		{8A7593B6-52D2-4B95-A5B0-950BE4C72E5E}.Debug|Any CPU.ActiveCfg = Debug|Any CPU
		{8A7593B6-52D2-4B95-A5B0-950BE4C72E5E}.Debug|Any CPU.Build.0 = Debug|Any CPU
		{8A7593B6-52D2-4B95-A5B0-950BE4C72E5E}.Release|Any CPU.ActiveCfg = Release|Any CPU
		{8A7593B6-52D2-4B95-A5B0-950BE4C72E5E}.Release|Any CPU.Build.0 = Release|Any CPU
		{DE6B6D50-6366-4604-B373-52927F24154D}.Debug|Any CPU.ActiveCfg = Debug|Any CPU
		{DE6B6D50-6366-4604-B373-52927F24154D}.Debug|Any CPU.Build.0 = Debug|Any CPU
		{DE6B6D50-6366-4604-B373-52927F24154D}.Release|Any CPU.ActiveCfg = Release|Any CPU
		{DE6B6D50-6366-4604-B373-52927F24154D}.Release|Any CPU.Build.0 = Release|Any CPU
		{29C7F1BB-8D5B-44F9-ACA7-8B620FB20F5F}.Debug|Any CPU.ActiveCfg = Debug|Any CPU
		{29C7F1BB-8D5B-44F9-ACA7-8B620FB20F5F}.Debug|Any CPU.Build.0 = Debug|Any CPU
		{29C7F1BB-8D5B-44F9-ACA7-8B620FB20F5F}.Release|Any CPU.ActiveCfg = Release|Any CPU
		{29C7F1BB-8D5B-44F9-ACA7-8B620FB20F5F}.Release|Any CPU.Build.0 = Release|Any CPU
	EndGlobalSection
	GlobalSection(SolutionProperties) = preSolution
		HideSolutionNode = FALSE
	EndGlobalSection
	GlobalSection(ExtensibilityGlobals) = postSolution
		SolutionGuid = {484FF359-F27E-4152-9413-389ACC93AF38}
	EndGlobalSection
EndGlobal
